<?xml version="1.0" encoding="UTF-8" standalone="yes" ?>
<CodeBlocks_project_file>
	<FileVersion major="1" minor="6" />
	<Project>
		<Option title="Karpovits_Dodge the Falling Rocks" />
		<Option pch_mode="2" />
		<Option compiler="gcc" />
		<Build>
			<Target title="Debug">
				<Option output="bin/Debug/Karpovits_Dodge the Falling Rocks" prefix_auto="1" extension_auto="1" />
				<Option object_output="obj/Debug/" />
				<Option type="1" />
				<Option compiler="gcc" />
				<Compiler>
					<Add option="-g" />
				</Compiler>
			</Target>
			<Target title="Release">
				<Option output="bin/Release/Karpovits_Dodge the Falling Rocks" prefix_auto="1" extension_auto="1" />
				<Option object_output="obj/Release/" />
				<Option type="1" />
				<Option compiler="gcc" />
				<Compiler>
					<Add option="-O2" />
				</Compiler>
				<Linker>
					<Add option="-s" />
				</Linker>
			</Target>
		</Build>
		<Compiler>
			<Add option="-Wall" />
		</Compiler>
		<Unit filename="allegroSetup.cpp" />
		<Unit filename="buttons.cpp" />
		<Unit filename="collisions.cpp" />
		<Unit filename="declarations.h" />
		<Unit filename="gameSetup.cpp" />
		<Unit filename="highScore.cpp" />
		<Unit filename="instructionsCredits.cpp" />
		<Unit filename="main.cpp" />
		<Unit filename="objectMovement.cpp" />
		<Unit filename="objectSetup.cpp" />
		<Unit filename="playGame.cpp" />
		<Unit filename="powerUp.cpp" />
		<Unit filename="prototype.h" />
		<Unit filename="utilities.cpp" />
		<Extensions>
			<code_completion />
			<envvars />
			<debugger />
		</Extensions>
	</Project>
</CodeBlocks_project_file>
